
Microsoft Visual Studio Solution File, Format Version 12.00
# Visual Studio 2013
VisualStudioVersion = 12.0.31101.0
MinimumVisualStudioVersion = 10.0.40219.1
Project("{2150E333-8FDC-42A3-9474-1A3956D46DE8}") = "FileAssoc", "FileAssoc", "{7EE15FEE-49C9-4B89-BB7E-64FC1BFB20E4}"
EndProject
Project("{D954291E-2A0B-460D-934E-DC6B0785DB48}") = "FileAssoc.Shared", "FileAssoc\FileAssoc.Shared\FileAssoc.Shared.shproj", "{8600FF8C-6D22-45DF-A64A-F7F1E2B3FC88}"
EndProject
Project("{FAE04EC0-301F-11D3-BF4B-00C04F79EFBC}") = "FileAssoc.Windows", "FileAssoc\FileAssoc.Windows\FileAssoc.Windows.csproj", "{08DC1C20-C470-4549-9BDF-CF01F6C8BDD8}"
EndProject
Project("{FAE04EC0-301F-11D3-BF4B-00C04F79EFBC}") = "FileAssoc.WindowsPhone", "FileAssoc\FileAssoc.WindowsPhone\FileAssoc.WindowsPhone.csproj", "{0532BEFC-E34A-4B60-8100-E6B7E93C78AC}"
EndProject
Global
	GlobalSection(SharedMSBuildProjectFiles) = preSolution
		FileAssoc\FileAssoc.Shared\FileAssoc.Shared.projitems*{0532befc-e34a-4b60-8100-e6b7e93c78ac}*SharedItemsImports = 4
		FileAssoc\FileAssoc.Shared\FileAssoc.Shared.projitems*{08dc1c20-c470-4549-9bdf-cf01f6c8bdd8}*SharedItemsImports = 4
		FileAssoc\FileAssoc.Shared\FileAssoc.Shared.projitems*{8600ff8c-6d22-45df-a64a-f7f1e2b3fc88}*SharedItemsImports = 13
	EndGlobalSection
	GlobalSection(SolutionConfigurationPlatforms) = preSolution
		Debug|Any CPU = Debug|Any CPU
		Debug|ARM = Debug|ARM
		Debug|x64 = Debug|x64
		Debug|x86 = Debug|x86
		Release|Any CPU = Release|Any CPU
		Release|ARM = Release|ARM
		Release|x64 = Release|x64
		Release|x86 = Release|x86
	EndGlobalSection
	GlobalSection(ProjectConfigurationPlatforms) = postSolution
		{08DC1C20-C470-4549-9BDF-CF01F6C8BDD8}.Debug|Any CPU.ActiveCfg = Debug|Any CPU
		{08DC1C20-C470-4549-9BDF-CF01F6C8BDD8}.Debug|Any CPU.Build.0 = Debug|Any CPU
		{08DC1C20-C470-4549-9BDF-CF01F6C8BDD8}.Debug|Any CPU.Deploy.0 = Debug|Any CPU
		{08DC1C20-C470-4549-9BDF-CF01F6C8BDD8}.Debug|ARM.ActiveCfg = Debug|ARM
		{08DC1C20-C470-4549-9BDF-CF01F6C8BDD8}.Debug|ARM.Build.0 = Debug|ARM
		{08DC1C20-C470-4549-9BDF-CF01F6C8BDD8}.Debug|ARM.Deploy.0 = Debug|ARM
		{08DC1C20-C470-4549-9BDF-CF01F6C8BDD8}.Debug|x64.ActiveCfg = Debug|x64
		{08DC1C20-C470-4549-9BDF-CF01F6C8BDD8}.Debug|x64.Build.0 = Debug|x64
		{08DC1C20-C470-4549-9BDF-CF01F6C8BDD8}.Debug|x64.Deploy.0 = Debug|x64
		{08DC1C20-C470-4549-9BDF-CF01F6C8BDD8}.Debug|x86.ActiveCfg = Debug|x86
		{08DC1C20-C470-4549-9BDF-CF01F6C8BDD8}.Debug|x86.Build.0 = Debug|x86
		{08DC1C20-C470-4549-9BDF-CF01F6C8BDD8}.Debug|x86.Deploy.0 = Debug|x86
		{08DC1C20-C470-4549-9BDF-CF01F6C8BDD8}.Release|Any CPU.ActiveCfg = Release|Any CPU
		{08DC1C20-C470-4549-9BDF-CF01F6C8BDD8}.Release|Any CPU.Build.0 = Release|Any CPU
		{08DC1C20-C470-4549-9BDF-CF01F6C8BDD8}.Release|Any CPU.Deploy.0 = Release|Any CPU
		{08DC1C20-C470-4549-9BDF-CF01F6C8BDD8}.Release|ARM.ActiveCfg = Release|ARM
		{08DC1C20-C470-4549-9BDF-CF01F6C8BDD8}.Release|ARM.Build.0 = Release|ARM
		{08DC1C20-C470-4549-9BDF-CF01F6C8BDD8}.Release|ARM.Deploy.0 = Release|ARM
		{08DC1C20-C470-4549-9BDF-CF01F6C8BDD8}.Release|x64.ActiveCfg = Release|x64
		{08DC1C20-C470-4549-9BDF-CF01F6C8BDD8}.Release|x64.Build.0 = Release|x64
		{08DC1C20-C470-4549-9BDF-CF01F6C8BDD8}.Release|x64.Deploy.0 = Release|x64
		{08DC1C20-C470-4549-9BDF-CF01F6C8BDD8}.Release|x86.ActiveCfg = Release|x86
		{08DC1C20-C470-4549-9BDF-CF01F6C8BDD8}.Release|x86.Build.0 = Release|x86
		{08DC1C20-C470-4549-9BDF-CF01F6C8BDD8}.Release|x86.Deploy.0 = Release|x86
		{0532BEFC-E34A-4B60-8100-E6B7E93C78AC}.Debug|Any CPU.ActiveCfg = Debug|Any CPU
		{0532BEFC-E34A-4B60-8100-E6B7E93C78AC}.Debug|Any CPU.Build.0 = Debug|Any CPU
		{0532BEFC-E34A-4B60-8100-E6B7E93C78AC}.Debug|Any CPU.Deploy.0 = Debug|Any CPU
		{0532BEFC-E34A-4B60-8100-E6B7E93C78AC}.Debug|ARM.ActiveCfg = Debug|ARM
		{0532BEFC-E34A-4B60-8100-E6B7E93C78AC}.Debug|ARM.Build.0 = Debug|ARM
		{0532BEFC-E34A-4B60-8100-E6B7E93C78AC}.Debug|ARM.Deploy.0 = Debug|ARM
		{0532BEFC-E34A-4B60-8100-E6B7E93C78AC}.Debug|x64.ActiveCfg = Debug|Any CPU
		{0532BEFC-E34A-4B60-8100-E6B7E93C78AC}.Debug|x86.ActiveCfg = Debug|x86
		{0532BEFC-E34A-4B60-8100-E6B7E93C78AC}.Debug|x86.Build.0 = Debug|x86
		{0532BEFC-E34A-4B60-8100-E6B7E93C78AC}.Debug|x86.Deploy.0 = Debug|x86
		{0532BEFC-E34A-4B60-8100-E6B7E93C78AC}.Release|Any CPU.ActiveCfg = Release|Any CPU
		{0532BEFC-E34A-4B60-8100-E6B7E93C78AC}.Release|Any CPU.Build.0 = Release|Any CPU
		{0532BEFC-E34A-4B60-8100-E6B7E93C78AC}.Release|Any CPU.Deploy.0 = Release|Any CPU
		{0532BEFC-E34A-4B60-8100-E6B7E93C78AC}.Release|ARM.ActiveCfg = Release|ARM
		{0532BEFC-E34A-4B60-8100-E6B7E93C78AC}.Release|ARM.Build.0 = Release|ARM
		{0532BEFC-E34A-4B60-8100-E6B7E93C78AC}.Release|ARM.Deploy.0 = Release|ARM
		{0532BEFC-E34A-4B60-8100-E6B7E93C78AC}.Release|x64.ActiveCfg = Release|Any CPU
		{0532BEFC-E34A-4B60-8100-E6B7E93C78AC}.Release|x86.ActiveCfg = Release|x86
		{0532BEFC-E34A-4B60-8100-E6B7E93C78AC}.Release|x86.Build.0 = Release|x86
		{0532BEFC-E34A-4B60-8100-E6B7E93C78AC}.Release|x86.Deploy.0 = Release|x86
	EndGlobalSection
	GlobalSection(SolutionProperties) = preSolution
		HideSolutionNode = FALSE
	EndGlobalSection
	GlobalSection(NestedProjects) = preSolution
		{8600FF8C-6D22-45DF-A64A-F7F1E2B3FC88} = {7EE15FEE-49C9-4B89-BB7E-64FC1BFB20E4}
		{08DC1C20-C470-4549-9BDF-CF01F6C8BDD8} = {7EE15FEE-49C9-4B89-BB7E-64FC1BFB20E4}
		{0532BEFC-E34A-4B60-8100-E6B7E93C78AC} = {7EE15FEE-49C9-4B89-BB7E-64FC1BFB20E4}
	EndGlobalSection
EndGlobal
